<Solution>
  <Folder Name="/MinimalAgent/">
    <Project Path="src/MinimalAgent/MinimalAgentAspire/MinimalAgentAspire.ApiService/MinimalAgentAspire.ApiService.csproj" />
    <Project Path="src/MinimalAgent/MinimalAgentAspire/MinimalAgentAspire.AppHost/MinimalAgentAspire.AppHost.csproj" Id="e9fdc961-1526-478a-8ab8-98d53adfb6f3" />
    <Project Path="src/MinimalAgent/MinimalAgentAspire/MinimalAgentAspire.ServiceDefaults/MinimalAgentAspire.ServiceDefaults.csproj" />
    <Project Path="src/MinimalAgent/MinimalAgentAspire/MinimalAgentAspire.Web/MinimalAgentAspire.Web.csproj" />
  </Folder>
  <Project Path="src/BasicAgentApp/BasicAgentApp.csproj" Id="9c06655f-cde4-454f-91fd-a73abe6cbffc" />
  <Project Path="src/HelloAgent/HelloAgent.csproj" />
  <Project Path="src/MultiTurn/MultiTurn.csproj" Id="ce936750-73b8-4f68-9ec3-48316bb4989b" />
  <Project Path="src/Streaming/Streaming.csproj" Id="4611a87f-5727-499a-9eca-ef6426e735e1" />
  <Project Path="src/StructuredOutput/StructuredOutput.csproj" Id="efce5d8f-03bb-4716-a3d8-da1e2ceb5c88" />
</Solution>
