<Solution>
  <Folder Name="/MinAgent/">
    <Project Path="src/AIAspire/AppHost/AppHost.AppHost/AppHost.AppHost.csproj" Id="01b6603f-d136-4983-a899-a506cbdb6e55" />
    <Project Path="src/AIAspire/AppHost/AppHost.ServiceDefaults/AppHost.ServiceDefaults.csproj" />
    <Project Path="src/AIAspire/WebApi/WebApi.csproj" Id="8428cfdb-789c-4ca7-98df-33d9f4e509f9" />
  </Folder>
  <Folder Name="/MinimalAgentArchitecture/">
    <Project Path="src/AgenticWorkflowPatternVisual/API/API.csproj" Id="b1411d9e-a4a9-40be-9f93-982a2e0dd4a6" />
    <Project Path="src/AgenticWorkflowPatternVisual/AppHost/AppHost.csproj" Id="d8cecfce-5ff2-4fe2-af48-f491bfaeeaa4" />
    <Project Path="src/AgenticWorkflowPatternVisual/ServiceDefaults/ServiceDefaults.csproj" Id="9757812c-e918-43a3-9a6d-a0ee362cb091" />
  </Folder>
  <Folder Name="/MinimalAgentWithTools/">
    <Project Path="src/MinimalAgentWithTools/AppHost/AppHost.csproj" Id="71ffa7b5-749f-456c-9f1e-65b7813993ee" />
    <Project Path="src/MinimalAgentWithTools/ServiceDefaults/ServiceDefaults.csproj" Id="ab81d26a-6c95-43b6-8279-8cad7bb18331" />
    <Project Path="src/MinimalAgentWithTools/WebApplication1/WebApiMin-Agent.csproj" Id="4ce1d06f-e54a-4e20-bd84-c04168a1a15a" />
  </Folder>
  <Project Path="src/AgenticWorkflowPatterns/AgenticWorkflowPatterns.csproj" Id="e0ab385e-874a-42ff-be8a-3e07484a2cc3" />
  <Project Path="src/AgentsWorkflow/AgentsWorkflow.csproj" Id="cdadde5c-ef33-4d99-b567-afa5dba253ae" />
  <Project Path="src/ApproveRequiredFunc/ApproveRequiredFunc.csproj" Id="00ae7914-429b-4be5-8be3-9a47109301f9" />
  <Project Path="src/BasicAgentApp/BasicAgentApp.csproj" Id="9c06655f-cde4-454f-91fd-a73abe6cbffc" />
  <Project Path="src/BasicTextRAGExample/BasicTextRAGExample.csproj" Id="95b6c334-92ed-4a4e-a6bb-9a9a07c5d359" />
  <Project Path="src/CodeInterpreter/CodeInterpreter.csproj" Id="d8c3c365-d71b-4fbc-ae99-14f2c8e79820" />
  <Project Path="src/CustomContextProvider/CustomContextProvider.csproj" Id="50375e62-23ff-4e41-90fc-e17a374b16bd" />
  <Project Path="src/EnterpriseA2A.Api/EnterpriseA2A.Api.csproj" Id="eacf5155-4c8d-4134-aa17-5b10d03e785f" />
  <Project Path="src/FirstWorkflow/FirstWorkflow.csproj" Id="d703e1d6-ff79-4fa8-8517-8bb32a07097b" />
  <Project Path="src/FunctionCall/FunctionCall.csproj" Id="cdbc0dc2-aad4-4ec2-9476-923d52241c6c" />
  <Project Path="src/HelloAgent/HelloAgent.csproj" />
  <Project Path="src/MockCosmosDb/MockCosmosDb.csproj" Id="5ab6ccd9-1114-42d7-ad5e-db49271367e3" />
  <Project Path="src/MultiTurn/MultiTurn.csproj" Id="ce936750-73b8-4f68-9ec3-48316bb4989b" />
  <Project Path="src/QdrantVectorStore/QdrantVectorStore.csproj" Id="114391ca-7805-4799-9be9-eacd1eee5461" />
  <Project Path="src/Streaming/Streaming.csproj" Id="4611a87f-5727-499a-9eca-ef6426e735e1" />
  <Project Path="src/StructuredOutput/StructuredOutput.csproj" Id="efce5d8f-03bb-4716-a3d8-da1e2ceb5c88" />
</Solution>
